<?xml version="1.0" encoding="utf-8"?>
<Project ToolsVersion="15.0" xmlns="http://schemas.microsoft.com/developer/msbuild/2003">
  <ItemGroup>
    <ClCompile Include="D:\Лабораторные работы\Ответы\Все лабы Егор\381706-1ErmolaevAllLabs\PolynomialTest\test_main.cpp">
      <Filter>Source Files</Filter>
    </ClCompile>
    <ClCompile Include="D:\Лабораторные работы\Ответы\Все лабы Егор\381706-1ErmolaevAllLabs\PolynomialTest\test_polynomial.cpp">
      <Filter>Source Files</Filter>
    </ClCompile>
  </ItemGroup>
  <ItemGroup>
    <CustomBuild Include="D:\Лабораторные работы\Ответы\Все лабы Егор\381706-1ErmolaevAllLabs\PolynomialTest\CMakeLists.txt" />
  </ItemGroup>
  <ItemGroup>
    <Filter Include="Source Files">
      <UniqueIdentifier>{68B370A1-D7D3-3B48-B5F7-4F4FD773427F}</UniqueIdentifier>
    </Filter>
  </ItemGroup>
</Project>
